// !$*UTF8*$!
{
	archiveVersion = 1;
	classes = {
	};
	objectVersion = 46;
	objects = {

/* Begin PBXBuildFile section */
		05569A2B19A85E6D006BD00D /* DNYFaceInteraction.m in Sources */ = {isa = PBXBuildFile; fileRef = 05569A2A19A85E6D006BD00D /* DNYFaceInteraction.m */; };
		05569A4019A882E4006BD00D /* Icon-60.png in Resources */ = {isa = PBXBuildFile; fileRef = 05569A3C19A882E4006BD00D /* Icon-60.png */; };
		05569A4119A882E4006BD00D /* Icon-60@2x.png in Resources */ = {isa = PBXBuildFile; fileRef = 05569A3D19A882E4006BD00D /* Icon-60@2x.png */; };
		05569A4219A882E4006BD00D /* Icon-76.png in Resources */ = {isa = PBXBuildFile; fileRef = 05569A3E19A882E4006BD00D /* Icon-76.png */; };
		05569A4319A882E4006BD00D /* Icon-76@2x.png in Resources */ = {isa = PBXBuildFile; fileRef = 05569A3F19A882E4006BD00D /* Icon-76@2x.png */; };
		0567920B19A969DB00F478EF /* DNYSpriteNode.m in Sources */ = {isa = PBXBuildFile; fileRef = 0567920A19A969DB00F478EF /* DNYSpriteNode.m */; };
		0567920E19A9EA7B00F478EF /* fx-bad.wav in Resources */ = {isa = PBXBuildFile; fileRef = 0567920C19A9EA7B00F478EF /* fx-bad.wav */; };
		0567920F19A9EA7B00F478EF /* fx-good.wav in Resources */ = {isa = PBXBuildFile; fileRef = 0567920D19A9EA7B00F478EF /* fx-good.wav */; };
		064B65C219A992D800AE2180 /* NSIndexPath+CGPoint.m in Sources */ = {isa = PBXBuildFile; fileRef = 064B65C119A992D800AE2180 /* NSIndexPath+CGPoint.m */; };
		0654E1D619A82BE200A5964F /* main.m in Sources */ = {isa = PBXBuildFile; fileRef = 0654E1D519A82BE200A5964F /* main.m */; };
		0654E1F019A82BE200A5964F /* DonnyTests.m in Sources */ = {isa = PBXBuildFile; fileRef = 0654E1EF19A82BE200A5964F /* DonnyTests.m */; };
		0654E20019A85E0700A5964F /* DNYInteraction.m in Sources */ = {isa = PBXBuildFile; fileRef = 0654E1FF19A85E0700A5964F /* DNYInteraction.m */; };
		5A794AD219AA69E900717D75 /* boo.aif in Resources */ = {isa = PBXBuildFile; fileRef = 5A794ACA19AA69E900717D75 /* boo.aif */; };
		5A794AD319AA69E900717D75 /* getting_sick.aif in Resources */ = {isa = PBXBuildFile; fileRef = 5A794ACB19AA69E900717D75 /* getting_sick.aif */; };
		5A794AD419AA69E900717D75 /* hey_there.aif in Resources */ = {isa = PBXBuildFile; fileRef = 5A794ACC19AA69E900717D75 /* hey_there.aif */; };
		5A794AD519AA69E900717D75 /* no.aif in Resources */ = {isa = PBXBuildFile; fileRef = 5A794ACD19AA69E900717D75 /* no.aif */; };
		5A794AD619AA69E900717D75 /* please_stop.aif in Resources */ = {isa = PBXBuildFile; fileRef = 5A794ACE19AA69E900717D75 /* please_stop.aif */; };
		5A794AD719AA69E900717D75 /* tasty.aif in Resources */ = {isa = PBXBuildFile; fileRef = 5A794ACF19AA69E900717D75 /* tasty.aif */; };
		5A794AD819AA69E900717D75 /* that_smell.aif in Resources */ = {isa = PBXBuildFile; fileRef = 5A794AD019AA69E900717D75 /* that_smell.aif */; };
		5A794AD919AA69E900717D75 /* yay.aif in Resources */ = {isa = PBXBuildFile; fileRef = 5A794AD119AA69E900717D75 /* yay.aif */; };
		5AB97F1019A9381C0090C208 /* AudioToolbox.framework in Frameworks */ = {isa = PBXBuildFile; fileRef = 5AB97F0F19A9381C0090C208 /* AudioToolbox.framework */; };
		5ADE03D119A99A3A00F8F426 /* beepoo.aif in Resources */ = {isa = PBXBuildFile; fileRef = 5ADE03D019A99A3A00F8F426 /* beepoo.aif */; };
		5ADE03D719A9B64A00F8F426 /* DNYTickleInteraction.m in Sources */ = {isa = PBXBuildFile; fileRef = 5ADE03D619A9B64A00F8F426 /* DNYTickleInteraction.m */; };
		5ADE03DA19A9BBB300F8F426 /* DNYTickleGestureRecognizer.m in Sources */ = {isa = PBXBuildFile; fileRef = 5ADE03D919A9BBB300F8F426 /* DNYTickleGestureRecognizer.m */; };
		5ADE03DC19A9C23200F8F426 /* ecs_fx_12.wav in Resources */ = {isa = PBXBuildFile; fileRef = 5ADE03DB19A9C23200F8F426 /* ecs_fx_12.wav */; };
		5ADE03DE19A9C42E00F8F426 /* 31867_HardPCM_Chip030.wav in Resources */ = {isa = PBXBuildFile; fileRef = 5ADE03DD19A9C42E00F8F426 /* 31867_HardPCM_Chip030.wav */; };
		5AE708A019A9CDB200FB6307 /* DNYPetInteraction.m in Sources */ = {isa = PBXBuildFile; fileRef = 5AE7089F19A9CDB200FB6307 /* DNYPetInteraction.m */; };
		5AE708A719A9CDCB00FB6307 /* DNYProximitySensorInteraction.m in Sources */ = {isa = PBXBuildFile; fileRef = 5AE708A219A9CDCB00FB6307 /* DNYProximitySensorInteraction.m */; };
		5AE708A819A9CDCB00FB6307 /* DNYVomitNode.m in Sources */ = {isa = PBXBuildFile; fileRef = 5AE708A419A9CDCB00FB6307 /* DNYVomitNode.m */; };
		5AE708AF19A9D15D00FB6307 /* DNYMotionInteraction.m in Sources */ = {isa = PBXBuildFile; fileRef = 5AE708AD19A9D15D00FB6307 /* DNYMotionInteraction.m */; };
		FA00A40719A9757C00E81740 /* LSEvent.m in Sources */ = {isa = PBXBuildFile; fileRef = FA00A3FA19A9757C00E81740 /* LSEvent.m */; };
		FA00A40819A9757C00E81740 /* LSStateMachine.m in Sources */ = {isa = PBXBuildFile; fileRef = FA00A3FC19A9757C00E81740 /* LSStateMachine.m */; };
		FA00A40919A9757C00E81740 /* LSStateMachineDynamicAdditions.m in Sources */ = {isa = PBXBuildFile; fileRef = FA00A3FE19A9757C00E81740 /* LSStateMachineDynamicAdditions.m */; };
		FA00A40A19A9757C00E81740 /* LSTransition.m in Sources */ = {isa = PBXBuildFile; fileRef = FA00A40219A9757C00E81740 /* LSTransition.m */; };
		FA00A40B19A9757C00E81740 /* NSString+Capitalize.m in Sources */ = {isa = PBXBuildFile; fileRef = FA00A40419A9757C00E81740 /* NSString+Capitalize.m */; };
		FA077A3319A94EDF00C9CEC3 /* eyebrow-negative@2x.png in Resources */ = {isa = PBXBuildFile; fileRef = FA077A1619A94EDF00C9CEC3 /* eyebrow-negative@2x.png */; };
		FA077A3419A94EDF00C9CEC3 /* eyebrow-positive@2x.png in Resources */ = {isa = PBXBuildFile; fileRef = FA077A1719A94EDF00C9CEC3 /* eyebrow-positive@2x.png */; };
		FA077A3519A94EDF00C9CEC3 /* eyebrow-sad@2x.png in Resources */ = {isa = PBXBuildFile; fileRef = FA077A1819A94EDF00C9CEC3 /* eyebrow-sad@2x.png */; };
		FA077A3619A94EDF00C9CEC3 /* rainbow-green@2x.png in Resources */ = {isa = PBXBuildFile; fileRef = FA077A1919A94EDF00C9CEC3 /* rainbow-green@2x.png */; };
		FA077A3719A94EDF00C9CEC3 /* rainbow-orange@2x.png in Resources */ = {isa = PBXBuildFile; fileRef = FA077A1A19A94EDF00C9CEC3 /* rainbow-orange@2x.png */; };
		FA077A3819A94EDF00C9CEC3 /* rainbow-purple@2x.png in Resources */ = {isa = PBXBuildFile; fileRef = FA077A1B19A94EDF00C9CEC3 /* rainbow-purple@2x.png */; };
		FA077A3919A94EDF00C9CEC3 /* rainbow-red@2x.png in Resources */ = {isa = PBXBuildFile; fileRef = FA077A1C19A94EDF00C9CEC3 /* rainbow-red@2x.png */; };
		FA077A3A19A94EDF00C9CEC3 /* rainbow-yellow@2x.png in Resources */ = {isa = PBXBuildFile; fileRef = FA077A1D19A94EDF00C9CEC3 /* rainbow-yellow@2x.png */; };
		FA077A3B19A94EDF00C9CEC3 /* tear-big@2x.png in Resources */ = {isa = PBXBuildFile; fileRef = FA077A1E19A94EDF00C9CEC3 /* tear-big@2x.png */; };
		FA077A3C19A94EDF00C9CEC3 /* tear-small@2x.png in Resources */ = {isa = PBXBuildFile; fileRef = FA077A1F19A94EDF00C9CEC3 /* tear-small@2x.png */; };
		FA077A3D19A94EDF00C9CEC3 /* eye-sleep@2x.png in Resources */ = {isa = PBXBuildFile; fileRef = FA077A2119A94EDF00C9CEC3 /* eye-sleep@2x.png */; };
		FA077A3E19A94EDF00C9CEC3 /* eye-small@2x.png in Resources */ = {isa = PBXBuildFile; fileRef = FA077A2219A94EDF00C9CEC3 /* eye-small@2x.png */; };
		FA077A3F19A94EDF00C9CEC3 /* eye-standard@2x.png in Resources */ = {isa = PBXBuildFile; fileRef = FA077A2319A94EDF00C9CEC3 /* eye-standard@2x.png */; };
		FA077A4019A94EDF00C9CEC3 /* eye-wink@2x.png in Resources */ = {isa = PBXBuildFile; fileRef = FA077A2419A94EDF00C9CEC3 /* eye-wink@2x.png */; };
		FA077A4119A94EDF00C9CEC3 /* mouth-bad-reaction@2x.png in Resources */ = {isa = PBXBuildFile; fileRef = FA077A2619A94EDF00C9CEC3 /* mouth-bad-reaction@2x.png */; };
		FA077A4219A94EDF00C9CEC3 /* mouth-frown@2x.png in Resources */ = {isa = PBXBuildFile; fileRef = FA077A2719A94EDF00C9CEC3 /* mouth-frown@2x.png */; };
		FA077A4319A94EDF00C9CEC3 /* mouth-good-reaction@2x.png in Resources */ = {isa = PBXBuildFile; fileRef = FA077A2819A94EDF00C9CEC3 /* mouth-good-reaction@2x.png */; };
		FA077A4419A94EDF00C9CEC3 /* mouth-happy@2x.png in Resources */ = {isa = PBXBuildFile; fileRef = FA077A2919A94EDF00C9CEC3 /* mouth-happy@2x.png */; };
		FA077A4519A94EDF00C9CEC3 /* mouth-sick@2x.png in Resources */ = {isa = PBXBuildFile; fileRef = FA077A2A19A94EDF00C9CEC3 /* mouth-sick@2x.png */; };
		FA077A4619A94EDF00C9CEC3 /* mouth-sicker@2x.png in Resources */ = {isa = PBXBuildFile; fileRef = FA077A2B19A94EDF00C9CEC3 /* mouth-sicker@2x.png */; };
		FA077A4719A94EDF00C9CEC3 /* mouth-sleep-01@2x.png in Resources */ = {isa = PBXBuildFile; fileRef = FA077A2C19A94EDF00C9CEC3 /* mouth-sleep-01@2x.png */; };
		FA077A4819A94EDF00C9CEC3 /* mouth-sleep-02@2x.png in Resources */ = {isa = PBXBuildFile; fileRef = FA077A2D19A94EDF00C9CEC3 /* mouth-sleep-02@2x.png */; };
		FA077A4919A94EDF00C9CEC3 /* mouth-smile@2x.png in Resources */ = {isa = PBXBuildFile; fileRef = FA077A2E19A94EDF00C9CEC3 /* mouth-smile@2x.png */; };
		FA077A4A19A94EDF00C9CEC3 /* mouth-straight@2x.png in Resources */ = {isa = PBXBuildFile; fileRef = FA077A2F19A94EDF00C9CEC3 /* mouth-straight@2x.png */; };
		FA077A4B19A94EDF00C9CEC3 /* mouth-vomit@2x.png in Resources */ = {isa = PBXBuildFile; fileRef = FA077A3019A94EDF00C9CEC3 /* mouth-vomit@2x.png */; };
		FA077A4C19A94EDF00C9CEC3 /* nose@2x.png in Resources */ = {isa = PBXBuildFile; fileRef = FA077A3219A94EDF00C9CEC3 /* nose@2x.png */; };
		FA077A4F19A9607F00C9CEC3 /* NSIndexPath+CGVector.m in Sources */ = {isa = PBXBuildFile; fileRef = FA077A4E19A9607F00C9CEC3 /* NSIndexPath+CGVector.m */; };
		FA077A5219A974CA00C9CEC3 /* DNYFoodInteraction.m in Sources */ = {isa = PBXBuildFile; fileRef = FA077A5119A974CA00C9CEC3 /* DNYFoodInteraction.m */; };
		FA520D5119A908F300197278 /* DNYCreatureNode.m in Sources */ = {isa = PBXBuildFile; fileRef = FA520D5019A908F300197278 /* DNYCreatureNode.m */; };
		FA683B5B19A834F600CD2FEC /* DNYPersistence.m in Sources */ = {isa = PBXBuildFile; fileRef = FA683B5A19A834F600CD2FEC /* DNYPersistence.m */; };
		FA683B5E19A8561F00CD2FEC /* DNYCreatureViewController.m in Sources */ = {isa = PBXBuildFile; fileRef = FA683B5D19A8561F00CD2FEC /* DNYCreatureViewController.m */; };
		FA683B6119A8569600CD2FEC /* DNYCreatureModel.m in Sources */ = {isa = PBXBuildFile; fileRef = FA683B6019A8569600CD2FEC /* DNYCreatureModel.m */; };
		FA683B6519A85A3500CD2FEC /* UIColor+RGB.m in Sources */ = {isa = PBXBuildFile; fileRef = FA683B6419A85A3500CD2FEC /* UIColor+RGB.m */; };
		FA683B9319A85F3400CD2FEC /* Accelerate.framework in Frameworks */ = {isa = PBXBuildFile; fileRef = FA683B8B19A85F3400CD2FEC /* Accelerate.framework */; };
		FA683B9419A85F3400CD2FEC /* AssetsLibrary.framework in Frameworks */ = {isa = PBXBuildFile; fileRef = FA683B8C19A85F3400CD2FEC /* AssetsLibrary.framework */; };
		FA683B9519A85F3400CD2FEC /* AVFoundation.framework in Frameworks */ = {isa = PBXBuildFile; fileRef = FA683B8D19A85F3400CD2FEC /* AVFoundation.framework */; };
		FA683B9619A85F3400CD2FEC /* AVKit.framework in Frameworks */ = {isa = PBXBuildFile; fileRef = FA683B8E19A85F3400CD2FEC /* AVKit.framework */; };
		FA683B9719A85F3400CD2FEC /* CoreData.framework in Frameworks */ = {isa = PBXBuildFile; fileRef = FA683B8F19A85F3400CD2FEC /* CoreData.framework */; };
		FA683B9819A85F3400CD2FEC /* CoreGraphics.framework in Frameworks */ = {isa = PBXBuildFile; fileRef = FA683B9019A85F3400CD2FEC /* CoreGraphics.framework */; };
		FA683B9919A85F3400CD2FEC /* CoreImage.framework in Frameworks */ = {isa = PBXBuildFile; fileRef = FA683B9119A85F3400CD2FEC /* CoreImage.framework */; };
		FA683B9A19A85F3400CD2FEC /* CoreLocation.framework in Frameworks */ = {isa = PBXBuildFile; fileRef = FA683B9219A85F3400CD2FEC /* CoreLocation.framework */; };
		FA683B9C19A85F3C00CD2FEC /* QuartzCore.framework in Frameworks */ = {isa = PBXBuildFile; fileRef = FA683B9B19A85F3C00CD2FEC /* QuartzCore.framework */; };
		FA683B9E19A85FD200CD2FEC /* CoreMotion.framework in Frameworks */ = {isa = PBXBuildFile; fileRef = FA683B9D19A85FD200CD2FEC /* CoreMotion.framework */; };
		FA683BA219A8600100CD2FEC /* MediaToolbox.framework in Frameworks */ = {isa = PBXBuildFile; fileRef = FA683B9F19A8600100CD2FEC /* MediaToolbox.framework */; };
		FA683BA319A8600100CD2FEC /* SpriteKit.framework in Frameworks */ = {isa = PBXBuildFile; fileRef = FA683BA019A8600100CD2FEC /* SpriteKit.framework */; };
		FA683BA419A8600100CD2FEC /* UIKit.framework in Frameworks */ = {isa = PBXBuildFile; fileRef = FA683BA119A8600100CD2FEC /* UIKit.framework */; };
		FA683BA819A860D600CD2FEC /* DNYScene.m in Sources */ = {isa = PBXBuildFile; fileRef = FA683BA719A860D600CD2FEC /* DNYScene.m */; };
		FAD9A36F19A8336E00B7C401 /* AppDelegate.m in Sources */ = {isa = PBXBuildFile; fileRef = FAD9A36E19A8336E00B7C401 /* AppDelegate.m */; };
		FAD9A37419A8339D00B7C401 /* Donny.xcdatamodeld in Sources */ = {isa = PBXBuildFile; fileRef = FAD9A37119A8339D00B7C401 /* Donny.xcdatamodeld */; };
		FAD9A37519A8339D00B7C401 /* Images.xcassets in Resources */ = {isa = PBXBuildFile; fileRef = FAD9A37319A8339D00B7C401 /* Images.xcassets */; };
/* End PBXBuildFile section */

/* Begin PBXContainerItemProxy section */
		0654E1EA19A82BE200A5964F /* PBXContainerItemProxy */ = {
			isa = PBXContainerItemProxy;
			containerPortal = 0654E1C819A82BE200A5964F /* Project object */;
			proxyType = 1;
			remoteGlobalIDString = 0654E1CF19A82BE200A5964F;
			remoteInfo = Donny;
		};
/* End PBXContainerItemProxy section */

/* Begin PBXFileReference section */
		05569A2919A85E6D006BD00D /* DNYFaceInteraction.h */ = {isa = PBXFileReference; fileEncoding = 4; lastKnownFileType = sourcecode.c.h; path = DNYFaceInteraction.h; sourceTree = "<group>"; };
		05569A2A19A85E6D006BD00D /* DNYFaceInteraction.m */ = {isa = PBXFileReference; fileEncoding = 4; lastKnownFileType = sourcecode.c.objc; path = DNYFaceInteraction.m; sourceTree = "<group>"; };
		05569A3C19A882E4006BD00D /* Icon-60.png */ = {isa = PBXFileReference; lastKnownFileType = image.png; path = "Icon-60.png"; sourceTree = "<group>"; };
		05569A3D19A882E4006BD00D /* Icon-60@2x.png */ = {isa = PBXFileReference; lastKnownFileType = image.png; path = "Icon-60@2x.png"; sourceTree = "<group>"; };
		05569A3E19A882E4006BD00D /* Icon-76.png */ = {isa = PBXFileReference; lastKnownFileType = image.png; path = "Icon-76.png"; sourceTree = "<group>"; };
		05569A3F19A882E4006BD00D /* Icon-76@2x.png */ = {isa = PBXFileReference; lastKnownFileType = image.png; path = "Icon-76@2x.png"; sourceTree = "<group>"; };
		0567920919A969DB00F478EF /* DNYSpriteNode.h */ = {isa = PBXFileReference; fileEncoding = 4; lastKnownFileType = sourcecode.c.h; name = DNYSpriteNode.h; path = src/DNYSpriteNode.h; sourceTree = SOURCE_ROOT; };
		0567920A19A969DB00F478EF /* DNYSpriteNode.m */ = {isa = PBXFileReference; fileEncoding = 4; lastKnownFileType = sourcecode.c.objc; name = DNYSpriteNode.m; path = src/DNYSpriteNode.m; sourceTree = SOURCE_ROOT; };
		0567920C19A9EA7B00F478EF /* fx-bad.wav */ = {isa = PBXFileReference; lastKnownFileType = audio.wav; path = "fx-bad.wav"; sourceTree = "<group>"; };
		0567920D19A9EA7B00F478EF /* fx-good.wav */ = {isa = PBXFileReference; lastKnownFileType = audio.wav; path = "fx-good.wav"; sourceTree = "<group>"; };
		064B65C019A992D800AE2180 /* NSIndexPath+CGPoint.h */ = {isa = PBXFileReference; fileEncoding = 4; lastKnownFileType = sourcecode.c.h; path = "NSIndexPath+CGPoint.h"; sourceTree = "<group>"; };
		064B65C119A992D800AE2180 /* NSIndexPath+CGPoint.m */ = {isa = PBXFileReference; fileEncoding = 4; lastKnownFileType = sourcecode.c.objc; path = "NSIndexPath+CGPoint.m"; sourceTree = "<group>"; };
		0654E1D019A82BE200A5964F /* Donny.app */ = {isa = PBXFileReference; explicitFileType = wrapper.application; includeInIndex = 0; path = Donny.app; sourceTree = BUILT_PRODUCTS_DIR; };
		0654E1D419A82BE200A5964F /* Info.plist */ = {isa = PBXFileReference; lastKnownFileType = text.plist.xml; path = Info.plist; sourceTree = "<group>"; };
		0654E1D519A82BE200A5964F /* main.m */ = {isa = PBXFileReference; lastKnownFileType = sourcecode.c.objc; path = main.m; sourceTree = "<group>"; };
		0654E1E919A82BE200A5964F /* DonnyTests.xctest */ = {isa = PBXFileReference; explicitFileType = wrapper.cfbundle; includeInIndex = 0; path = DonnyTests.xctest; sourceTree = BUILT_PRODUCTS_DIR; };
		0654E1EE19A82BE200A5964F /* Info.plist */ = {isa = PBXFileReference; lastKnownFileType = text.plist.xml; path = Info.plist; sourceTree = "<group>"; };
		0654E1EF19A82BE200A5964F /* DonnyTests.m */ = {isa = PBXFileReference; lastKnownFileType = sourcecode.c.objc; path = DonnyTests.m; sourceTree = "<group>"; };
		0654E1FE19A85E0700A5964F /* DNYInteraction.h */ = {isa = PBXFileReference; fileEncoding = 4; lastKnownFileType = sourcecode.c.h; path = DNYInteraction.h; sourceTree = "<group>"; };
		0654E1FF19A85E0700A5964F /* DNYInteraction.m */ = {isa = PBXFileReference; fileEncoding = 4; lastKnownFileType = sourcecode.c.objc; path = DNYInteraction.m; sourceTree = "<group>"; };
		5A794ACA19AA69E900717D75 /* boo.aif */ = {isa = PBXFileReference; lastKnownFileType = file; path = boo.aif; sourceTree = "<group>"; };
		5A794ACB19AA69E900717D75 /* getting_sick.aif */ = {isa = PBXFileReference; lastKnownFileType = file; path = getting_sick.aif; sourceTree = "<group>"; };
		5A794ACC19AA69E900717D75 /* hey_there.aif */ = {isa = PBXFileReference; lastKnownFileType = file; path = hey_there.aif; sourceTree = "<group>"; };
		5A794ACD19AA69E900717D75 /* no.aif */ = {isa = PBXFileReference; lastKnownFileType = file; path = no.aif; sourceTree = "<group>"; };
		5A794ACE19AA69E900717D75 /* please_stop.aif */ = {isa = PBXFileReference; lastKnownFileType = file; path = please_stop.aif; sourceTree = "<group>"; };
		5A794ACF19AA69E900717D75 /* tasty.aif */ = {isa = PBXFileReference; lastKnownFileType = file; path = tasty.aif; sourceTree = "<group>"; };
		5A794AD019AA69E900717D75 /* that_smell.aif */ = {isa = PBXFileReference; lastKnownFileType = file; path = that_smell.aif; sourceTree = "<group>"; };
		5A794AD119AA69E900717D75 /* yay.aif */ = {isa = PBXFileReference; lastKnownFileType = file; path = yay.aif; sourceTree = "<group>"; };
		5AB97F0F19A9381C0090C208 /* AudioToolbox.framework */ = {isa = PBXFileReference; lastKnownFileType = wrapper.framework; name = AudioToolbox.framework; path = System/Library/Frameworks/AudioToolbox.framework; sourceTree = SDKROOT; };
		5ADE03D019A99A3A00F8F426 /* beepoo.aif */ = {isa = PBXFileReference; lastKnownFileType = file; path = beepoo.aif; sourceTree = "<group>"; };
		5ADE03D519A9B64A00F8F426 /* DNYTickleInteraction.h */ = {isa = PBXFileReference; fileEncoding = 4; lastKnownFileType = sourcecode.c.h; name = DNYTickleInteraction.h; path = src/DNYTickleInteraction.h; sourceTree = SOURCE_ROOT; };
		5ADE03D619A9B64A00F8F426 /* DNYTickleInteraction.m */ = {isa = PBXFileReference; fileEncoding = 4; lastKnownFileType = sourcecode.c.objc; name = DNYTickleInteraction.m; path = src/DNYTickleInteraction.m; sourceTree = SOURCE_ROOT; };
		5ADE03D819A9BBB300F8F426 /* DNYTickleGestureRecognizer.h */ = {isa = PBXFileReference; fileEncoding = 4; lastKnownFileType = sourcecode.c.h; name = DNYTickleGestureRecognizer.h; path = src/DNYTickleGestureRecognizer.h; sourceTree = SOURCE_ROOT; };
		5ADE03D919A9BBB300F8F426 /* DNYTickleGestureRecognizer.m */ = {isa = PBXFileReference; fileEncoding = 4; lastKnownFileType = sourcecode.c.objc; name = DNYTickleGestureRecognizer.m; path = src/DNYTickleGestureRecognizer.m; sourceTree = SOURCE_ROOT; };
		5ADE03DB19A9C23200F8F426 /* ecs_fx_12.wav */ = {isa = PBXFileReference; lastKnownFileType = audio.wav; path = ecs_fx_12.wav; sourceTree = "<group>"; };
		5ADE03DD19A9C42E00F8F426 /* 31867_HardPCM_Chip030.wav */ = {isa = PBXFileReference; lastKnownFileType = audio.wav; path = 31867_HardPCM_Chip030.wav; sourceTree = "<group>"; };
		5AE7089E19A9CDB200FB6307 /* DNYPetInteraction.h */ = {isa = PBXFileReference; fileEncoding = 4; lastKnownFileType = sourcecode.c.h; path = DNYPetInteraction.h; sourceTree = "<group>"; };
		5AE7089F19A9CDB200FB6307 /* DNYPetInteraction.m */ = {isa = PBXFileReference; fileEncoding = 4; lastKnownFileType = sourcecode.c.objc; path = DNYPetInteraction.m; sourceTree = "<group>"; };
		5AE708A119A9CDCB00FB6307 /* DNYProximitySensorInteraction.h */ = {isa = PBXFileReference; fileEncoding = 4; lastKnownFileType = sourcecode.c.h; name = DNYProximitySensorInteraction.h; path = src/DNYProximitySensorInteraction.h; sourceTree = SOURCE_ROOT; };
		5AE708A219A9CDCB00FB6307 /* DNYProximitySensorInteraction.m */ = {isa = PBXFileReference; fileEncoding = 4; lastKnownFileType = sourcecode.c.objc; name = DNYProximitySensorInteraction.m; path = src/DNYProximitySensorInteraction.m; sourceTree = SOURCE_ROOT; };
		5AE708A319A9CDCB00FB6307 /* DNYVomitNode.h */ = {isa = PBXFileReference; fileEncoding = 4; lastKnownFileType = sourcecode.c.h; name = DNYVomitNode.h; path = src/DNYVomitNode.h; sourceTree = SOURCE_ROOT; };
		5AE708A419A9CDCB00FB6307 /* DNYVomitNode.m */ = {isa = PBXFileReference; fileEncoding = 4; lastKnownFileType = sourcecode.c.objc; name = DNYVomitNode.m; path = src/DNYVomitNode.m; sourceTree = SOURCE_ROOT; };
		5AE708AD19A9D15D00FB6307 /* DNYMotionInteraction.m */ = {isa = PBXFileReference; fileEncoding = 4; lastKnownFileType = sourcecode.c.objc; path = DNYMotionInteraction.m; sourceTree = "<group>"; };
		5AE708AE19A9D15D00FB6307 /* DNYMotionInteraction.h */ = {isa = PBXFileReference; fileEncoding = 4; lastKnownFileType = sourcecode.c.h; path = DNYMotionInteraction.h; sourceTree = "<group>"; };
		FA00A3F919A9757C00E81740 /* LSEvent.h */ = {isa = PBXFileReference; fileEncoding = 4; lastKnownFileType = sourcecode.c.h; name = LSEvent.h; path = StateMachine/LSEvent.h; sourceTree = "<group>"; };
		FA00A3FA19A9757C00E81740 /* LSEvent.m */ = {isa = PBXFileReference; fileEncoding = 4; lastKnownFileType = sourcecode.c.objc; name = LSEvent.m; path = StateMachine/LSEvent.m; sourceTree = "<group>"; };
		FA00A3FB19A9757C00E81740 /* LSStateMachine.h */ = {isa = PBXFileReference; fileEncoding = 4; lastKnownFileType = sourcecode.c.h; name = LSStateMachine.h; path = StateMachine/LSStateMachine.h; sourceTree = "<group>"; };
		FA00A3FC19A9757C00E81740 /* LSStateMachine.m */ = {isa = PBXFileReference; fileEncoding = 4; lastKnownFileType = sourcecode.c.objc; name = LSStateMachine.m; path = StateMachine/LSStateMachine.m; sourceTree = "<group>"; };
		FA00A3FD19A9757C00E81740 /* LSStateMachineDynamicAdditions.h */ = {isa = PBXFileReference; fileEncoding = 4; lastKnownFileType = sourcecode.c.h; name = LSStateMachineDynamicAdditions.h; path = StateMachine/LSStateMachineDynamicAdditions.h; sourceTree = "<group>"; };
		FA00A3FE19A9757C00E81740 /* LSStateMachineDynamicAdditions.m */ = {isa = PBXFileReference; fileEncoding = 4; lastKnownFileType = sourcecode.c.objc; name = LSStateMachineDynamicAdditions.m; path = StateMachine/LSStateMachineDynamicAdditions.m; sourceTree = "<group>"; };
		FA00A3FF19A9757C00E81740 /* LSStateMachineMacros.h */ = {isa = PBXFileReference; fileEncoding = 4; lastKnownFileType = sourcecode.c.h; name = LSStateMachineMacros.h; path = StateMachine/LSStateMachineMacros.h; sourceTree = "<group>"; };
		FA00A40019A9757C00E81740 /* LSStateMachineTypedefs.h */ = {isa = PBXFileReference; fileEncoding = 4; lastKnownFileType = sourcecode.c.h; name = LSStateMachineTypedefs.h; path = StateMachine/LSStateMachineTypedefs.h; sourceTree = "<group>"; };
		FA00A40119A9757C00E81740 /* LSTransition.h */ = {isa = PBXFileReference; fileEncoding = 4; lastKnownFileType = sourcecode.c.h; name = LSTransition.h; path = StateMachine/LSTransition.h; sourceTree = "<group>"; };
		FA00A40219A9757C00E81740 /* LSTransition.m */ = {isa = PBXFileReference; fileEncoding = 4; lastKnownFileType = sourcecode.c.objc; name = LSTransition.m; path = StateMachine/LSTransition.m; sourceTree = "<group>"; };
		FA00A40319A9757C00E81740 /* NSString+Capitalize.h */ = {isa = PBXFileReference; fileEncoding = 4; lastKnownFileType = sourcecode.c.h; name = "NSString+Capitalize.h"; path = "StateMachine/NSString+Capitalize.h"; sourceTree = "<group>"; };
		FA00A40419A9757C00E81740 /* NSString+Capitalize.m */ = {isa = PBXFileReference; fileEncoding = 4; lastKnownFileType = sourcecode.c.objc; name = "NSString+Capitalize.m"; path = "StateMachine/NSString+Capitalize.m"; sourceTree = "<group>"; };
		FA00A40519A9757C00E81740 /* StateMachine-Prefix.pch */ = {isa = PBXFileReference; fileEncoding = 4; lastKnownFileType = sourcecode.c.h; name = "StateMachine-Prefix.pch"; path = "StateMachine/StateMachine-Prefix.pch"; sourceTree = "<group>"; };
		FA00A40619A9757C00E81740 /* StateMachine.h */ = {isa = PBXFileReference; fileEncoding = 4; lastKnownFileType = sourcecode.c.h; name = StateMachine.h; path = StateMachine/StateMachine.h; sourceTree = "<group>"; };
		FA077A1619A94EDF00C9CEC3 /* eyebrow-negative@2x.png */ = {isa = PBXFileReference; lastKnownFileType = image.png; path = "eyebrow-negative@2x.png"; sourceTree = "<group>"; };
		FA077A1719A94EDF00C9CEC3 /* eyebrow-positive@2x.png */ = {isa = PBXFileReference; lastKnownFileType = image.png; path = "eyebrow-positive@2x.png"; sourceTree = "<group>"; };
		FA077A1819A94EDF00C9CEC3 /* eyebrow-sad@2x.png */ = {isa = PBXFileReference; lastKnownFileType = image.png; path = "eyebrow-sad@2x.png"; sourceTree = "<group>"; };
		FA077A1919A94EDF00C9CEC3 /* rainbow-green@2x.png */ = {isa = PBXFileReference; lastKnownFileType = image.png; path = "rainbow-green@2x.png"; sourceTree = "<group>"; };
		FA077A1A19A94EDF00C9CEC3 /* rainbow-orange@2x.png */ = {isa = PBXFileReference; lastKnownFileType = image.png; path = "rainbow-orange@2x.png"; sourceTree = "<group>"; };
		FA077A1B19A94EDF00C9CEC3 /* rainbow-purple@2x.png */ = {isa = PBXFileReference; lastKnownFileType = image.png; path = "rainbow-purple@2x.png"; sourceTree = "<group>"; };
		FA077A1C19A94EDF00C9CEC3 /* rainbow-red@2x.png */ = {isa = PBXFileReference; lastKnownFileType = image.png; path = "rainbow-red@2x.png"; sourceTree = "<group>"; };
		FA077A1D19A94EDF00C9CEC3 /* rainbow-yellow@2x.png */ = {isa = PBXFileReference; lastKnownFileType = image.png; path = "rainbow-yellow@2x.png"; sourceTree = "<group>"; };
		FA077A1E19A94EDF00C9CEC3 /* tear-big@2x.png */ = {isa = PBXFileReference; lastKnownFileType = image.png; path = "tear-big@2x.png"; sourceTree = "<group>"; };
		FA077A1F19A94EDF00C9CEC3 /* tear-small@2x.png */ = {isa = PBXFileReference; lastKnownFileType = image.png; path = "tear-small@2x.png"; sourceTree = "<group>"; };
		FA077A2119A94EDF00C9CEC3 /* eye-sleep@2x.png */ = {isa = PBXFileReference; lastKnownFileType = image.png; path = "eye-sleep@2x.png"; sourceTree = "<group>"; };
		FA077A2219A94EDF00C9CEC3 /* eye-small@2x.png */ = {isa = PBXFileReference; lastKnownFileType = image.png; path = "eye-small@2x.png"; sourceTree = "<group>"; };
		FA077A2319A94EDF00C9CEC3 /* eye-standard@2x.png */ = {isa = PBXFileReference; lastKnownFileType = image.png; path = "eye-standard@2x.png"; sourceTree = "<group>"; };
		FA077A2419A94EDF00C9CEC3 /* eye-wink@2x.png */ = {isa = PBXFileReference; lastKnownFileType = image.png; path = "eye-wink@2x.png"; sourceTree = "<group>"; };
		FA077A2619A94EDF00C9CEC3 /* mouth-bad-reaction@2x.png */ = {isa = PBXFileReference; lastKnownFileType = image.png; path = "mouth-bad-reaction@2x.png"; sourceTree = "<group>"; };
		FA077A2719A94EDF00C9CEC3 /* mouth-frown@2x.png */ = {isa = PBXFileReference; lastKnownFileType = image.png; path = "mouth-frown@2x.png"; sourceTree = "<group>"; };
		FA077A2819A94EDF00C9CEC3 /* mouth-good-reaction@2x.png */ = {isa = PBXFileReference; lastKnownFileType = image.png; path = "mouth-good-reaction@2x.png"; sourceTree = "<group>"; };
		FA077A2919A94EDF00C9CEC3 /* mouth-happy@2x.png */ = {isa = PBXFileReference; lastKnownFileType = image.png; path = "mouth-happy@2x.png"; sourceTree = "<group>"; };
		FA077A2A19A94EDF00C9CEC3 /* mouth-sick@2x.png */ = {isa = PBXFileReference; lastKnownFileType = image.png; path = "mouth-sick@2x.png"; sourceTree = "<group>"; };
		FA077A2B19A94EDF00C9CEC3 /* mouth-sicker@2x.png */ = {isa = PBXFileReference; lastKnownFileType = image.png; path = "mouth-sicker@2x.png"; sourceTree = "<group>"; };
		FA077A2C19A94EDF00C9CEC3 /* mouth-sleep-01@2x.png */ = {isa = PBXFileReference; lastKnownFileType = image.png; path = "mouth-sleep-01@2x.png"; sourceTree = "<group>"; };
		FA077A2D19A94EDF00C9CEC3 /* mouth-sleep-02@2x.png */ = {isa = PBXFileReference; lastKnownFileType = image.png; path = "mouth-sleep-02@2x.png"; sourceTree = "<group>"; };
		FA077A2E19A94EDF00C9CEC3 /* mouth-smile@2x.png */ = {isa = PBXFileReference; lastKnownFileType = image.png; path = "mouth-smile@2x.png"; sourceTree = "<group>"; };
		FA077A2F19A94EDF00C9CEC3 /* mouth-straight@2x.png */ = {isa = PBXFileReference; lastKnownFileType = image.png; path = "mouth-straight@2x.png"; sourceTree = "<group>"; };
		FA077A3019A94EDF00C9CEC3 /* mouth-vomit@2x.png */ = {isa = PBXFileReference; lastKnownFileType = image.png; path = "mouth-vomit@2x.png"; sourceTree = "<group>"; };
		FA077A3219A94EDF00C9CEC3 /* nose@2x.png */ = {isa = PBXFileReference; lastKnownFileType = image.png; path = "nose@2x.png"; sourceTree = "<group>"; };
		FA077A4D19A9607F00C9CEC3 /* NSIndexPath+CGVector.h */ = {isa = PBXFileReference; fileEncoding = 4; lastKnownFileType = sourcecode.c.h; name = "NSIndexPath+CGVector.h"; path = "src/NSIndexPath+CGVector.h"; sourceTree = SOURCE_ROOT; };
		FA077A4E19A9607F00C9CEC3 /* NSIndexPath+CGVector.m */ = {isa = PBXFileReference; fileEncoding = 4; lastKnownFileType = sourcecode.c.objc; name = "NSIndexPath+CGVector.m"; path = "src/NSIndexPath+CGVector.m"; sourceTree = SOURCE_ROOT; };
		FA077A5019A974CA00C9CEC3 /* DNYFoodInteraction.h */ = {isa = PBXFileReference; fileEncoding = 4; lastKnownFileType = sourcecode.c.h; path = DNYFoodInteraction.h; sourceTree = "<group>"; };
		FA077A5119A974CA00C9CEC3 /* DNYFoodInteraction.m */ = {isa = PBXFileReference; fileEncoding = 4; lastKnownFileType = sourcecode.c.objc; path = DNYFoodInteraction.m; sourceTree = "<group>"; };
		FA520D4F19A908F300197278 /* DNYCreatureNode.h */ = {isa = PBXFileReference; fileEncoding = 4; lastKnownFileType = sourcecode.c.h; name = DNYCreatureNode.h; path = src/DNYCreatureNode.h; sourceTree = SOURCE_ROOT; };
		FA520D5019A908F300197278 /* DNYCreatureNode.m */ = {isa = PBXFileReference; fileEncoding = 4; lastKnownFileType = sourcecode.c.objc; name = DNYCreatureNode.m; path = src/DNYCreatureNode.m; sourceTree = SOURCE_ROOT; };
		FA683B5919A834F600CD2FEC /* DNYPersistence.h */ = {isa = PBXFileReference; fileEncoding = 4; lastKnownFileType = sourcecode.c.h; name = DNYPersistence.h; path = src/DNYPersistence.h; sourceTree = SOURCE_ROOT; };
		FA683B5A19A834F600CD2FEC /* DNYPersistence.m */ = {isa = PBXFileReference; fileEncoding = 4; lastKnownFileType = sourcecode.c.objc; name = DNYPersistence.m; path = src/DNYPersistence.m; sourceTree = SOURCE_ROOT; };
		FA683B5C19A8561F00CD2FEC /* DNYCreatureViewController.h */ = {isa = PBXFileReference; fileEncoding = 4; lastKnownFileType = sourcecode.c.h; name = DNYCreatureViewController.h; path = src/DNYCreatureViewController.h; sourceTree = SOURCE_ROOT; };
		FA683B5D19A8561F00CD2FEC /* DNYCreatureViewController.m */ = {isa = PBXFileReference; fileEncoding = 4; lastKnownFileType = sourcecode.c.objc; name = DNYCreatureViewController.m; path = src/DNYCreatureViewController.m; sourceTree = SOURCE_ROOT; };
		FA683B5F19A8569600CD2FEC /* DNYCreatureModel.h */ = {isa = PBXFileReference; fileEncoding = 4; lastKnownFileType = sourcecode.c.h; name = DNYCreatureModel.h; path = src/DNYCreatureModel.h; sourceTree = SOURCE_ROOT; };
		FA683B6019A8569600CD2FEC /* DNYCreatureModel.m */ = {isa = PBXFileReference; fileEncoding = 4; lastKnownFileType = sourcecode.c.objc; name = DNYCreatureModel.m; path = src/DNYCreatureModel.m; sourceTree = SOURCE_ROOT; };
		FA683B6319A85A3500CD2FEC /* UIColor+RGB.h */ = {isa = PBXFileReference; fileEncoding = 4; lastKnownFileType = sourcecode.c.h; name = "UIColor+RGB.h"; path = "src/UIColor+RGB.h"; sourceTree = SOURCE_ROOT; };
		FA683B6419A85A3500CD2FEC /* UIColor+RGB.m */ = {isa = PBXFileReference; fileEncoding = 4; lastKnownFileType = sourcecode.c.objc; name = "UIColor+RGB.m"; path = "src/UIColor+RGB.m"; sourceTree = SOURCE_ROOT; };
		FA683B8B19A85F3400CD2FEC /* Accelerate.framework */ = {isa = PBXFileReference; lastKnownFileType = wrapper.framework; name = Accelerate.framework; path = System/Library/Frameworks/Accelerate.framework; sourceTree = SDKROOT; };
		FA683B8C19A85F3400CD2FEC /* AssetsLibrary.framework */ = {isa = PBXFileReference; lastKnownFileType = wrapper.framework; name = AssetsLibrary.framework; path = System/Library/Frameworks/AssetsLibrary.framework; sourceTree = SDKROOT; };
		FA683B8D19A85F3400CD2FEC /* AVFoundation.framework */ = {isa = PBXFileReference; lastKnownFileType = wrapper.framework; name = AVFoundation.framework; path = System/Library/Frameworks/AVFoundation.framework; sourceTree = SDKROOT; };
		FA683B8E19A85F3400CD2FEC /* AVKit.framework */ = {isa = PBXFileReference; lastKnownFileType = wrapper.framework; name = AVKit.framework; path = System/Library/Frameworks/AVKit.framework; sourceTree = SDKROOT; };
		FA683B8F19A85F3400CD2FEC /* CoreData.framework */ = {isa = PBXFileReference; lastKnownFileType = wrapper.framework; name = CoreData.framework; path = System/Library/Frameworks/CoreData.framework; sourceTree = SDKROOT; };
		FA683B9019A85F3400CD2FEC /* CoreGraphics.framework */ = {isa = PBXFileReference; lastKnownFileType = wrapper.framework; name = CoreGraphics.framework; path = System/Library/Frameworks/CoreGraphics.framework; sourceTree = SDKROOT; };
		FA683B9119A85F3400CD2FEC /* CoreImage.framework */ = {isa = PBXFileReference; lastKnownFileType = wrapper.framework; name = CoreImage.framework; path = System/Library/Frameworks/CoreImage.framework; sourceTree = SDKROOT; };
		FA683B9219A85F3400CD2FEC /* CoreLocation.framework */ = {isa = PBXFileReference; lastKnownFileType = wrapper.framework; name = CoreLocation.framework; path = System/Library/Frameworks/CoreLocation.framework; sourceTree = SDKROOT; };
		FA683B9B19A85F3C00CD2FEC /* QuartzCore.framework */ = {isa = PBXFileReference; lastKnownFileType = wrapper.framework; name = QuartzCore.framework; path = System/Library/Frameworks/QuartzCore.framework; sourceTree = SDKROOT; };
		FA683B9D19A85FD200CD2FEC /* CoreMotion.framework */ = {isa = PBXFileReference; lastKnownFileType = wrapper.framework; name = CoreMotion.framework; path = System/Library/Frameworks/CoreMotion.framework; sourceTree = SDKROOT; };
		FA683B9F19A8600100CD2FEC /* MediaToolbox.framework */ = {isa = PBXFileReference; lastKnownFileType = wrapper.framework; name = MediaToolbox.framework; path = System/Library/Frameworks/MediaToolbox.framework; sourceTree = SDKROOT; };
		FA683BA019A8600100CD2FEC /* SpriteKit.framework */ = {isa = PBXFileReference; lastKnownFileType = wrapper.framework; name = SpriteKit.framework; path = System/Library/Frameworks/SpriteKit.framework; sourceTree = SDKROOT; };
		FA683BA119A8600100CD2FEC /* UIKit.framework */ = {isa = PBXFileReference; lastKnownFileType = wrapper.framework; name = UIKit.framework; path = System/Library/Frameworks/UIKit.framework; sourceTree = SDKROOT; };
		FA683BA619A860D600CD2FEC /* DNYScene.h */ = {isa = PBXFileReference; fileEncoding = 4; lastKnownFileType = sourcecode.c.h; name = DNYScene.h; path = src/DNYScene.h; sourceTree = SOURCE_ROOT; };
		FA683BA719A860D600CD2FEC /* DNYScene.m */ = {isa = PBXFileReference; fileEncoding = 4; lastKnownFileType = sourcecode.c.objc; name = DNYScene.m; path = src/DNYScene.m; sourceTree = SOURCE_ROOT; };
		FAD9A36D19A8336E00B7C401 /* AppDelegate.h */ = {isa = PBXFileReference; fileEncoding = 4; lastKnownFileType = sourcecode.c.h; name = AppDelegate.h; path = src/AppDelegate.h; sourceTree = SOURCE_ROOT; };
		FAD9A36E19A8336E00B7C401 /* AppDelegate.m */ = {isa = PBXFileReference; fileEncoding = 4; lastKnownFileType = sourcecode.c.objc; name = AppDelegate.m; path = src/AppDelegate.m; sourceTree = SOURCE_ROOT; };
		FAD9A37219A8339D00B7C401 /* Donny.xcdatamodel */ = {isa = PBXFileReference; lastKnownFileType = wrapper.xcdatamodel; path = Donny.xcdatamodel; sourceTree = "<group>"; };
		FAD9A37319A8339D00B7C401 /* Images.xcassets */ = {isa = PBXFileReference; lastKnownFileType = folder.assetcatalog; name = Images.xcassets; path = res/Images.xcassets; sourceTree = "<group>"; };
/* End PBXFileReference section */

/* Begin PBXFrameworksBuildPhase section */
		0654E1CD19A82BE200A5964F /* Frameworks */ = {
			isa = PBXFrameworksBuildPhase;
			buildActionMask = 2147483647;
			files = (
				5AB97F1019A9381C0090C208 /* AudioToolbox.framework in Frameworks */,
				FA683BA219A8600100CD2FEC /* MediaToolbox.framework in Frameworks */,
				FA683BA319A8600100CD2FEC /* SpriteKit.framework in Frameworks */,
				FA683BA419A8600100CD2FEC /* UIKit.framework in Frameworks */,
				FA683B9E19A85FD200CD2FEC /* CoreMotion.framework in Frameworks */,
				FA683B9C19A85F3C00CD2FEC /* QuartzCore.framework in Frameworks */,
				FA683B9319A85F3400CD2FEC /* Accelerate.framework in Frameworks */,
				FA683B9419A85F3400CD2FEC /* AssetsLibrary.framework in Frameworks */,
				FA683B9519A85F3400CD2FEC /* AVFoundation.framework in Frameworks */,
				FA683B9619A85F3400CD2FEC /* AVKit.framework in Frameworks */,
				FA683B9719A85F3400CD2FEC /* CoreData.framework in Frameworks */,
				FA683B9819A85F3400CD2FEC /* CoreGraphics.framework in Frameworks */,
				FA683B9919A85F3400CD2FEC /* CoreImage.framework in Frameworks */,
				FA683B9A19A85F3400CD2FEC /* CoreLocation.framework in Frameworks */,
			);
			runOnlyForDeploymentPostprocessing = 0;
		};
		0654E1E619A82BE200A5964F /* Frameworks */ = {
			isa = PBXFrameworksBuildPhase;
			buildActionMask = 2147483647;
			files = (
			);
			runOnlyForDeploymentPostprocessing = 0;
		};
/* End PBXFrameworksBuildPhase section */

/* Begin PBXGroup section */
		0654E1C719A82BE200A5964F = {
			isa = PBXGroup;
			children = (
				5AB97F0F19A9381C0090C208 /* AudioToolbox.framework */,
				0654E1D219A82BE200A5964F /* Donny */,
				0654E1D319A82BE200A5964F /* Supporting Files */,
				FAD9A37019A8337600B7C401 /* Resources */,
				0654E1EC19A82BE200A5964F /* DonnyTests */,
				0654E1D119A82BE200A5964F /* Products */,
			);
			sourceTree = "<group>";
		};
		0654E1D119A82BE200A5964F /* Products */ = {
			isa = PBXGroup;
			children = (
				0654E1D019A82BE200A5964F /* Donny.app */,
				0654E1E919A82BE200A5964F /* DonnyTests.xctest */,
			);
			name = Products;
			sourceTree = "<group>";
		};
		0654E1D219A82BE200A5964F /* Donny */ = {
			isa = PBXGroup;
			children = (
				FA00A3F819A9756B00E81740 /* state machine */,
				FA683BA519A8608200CD2FEC /* sprite */,
				FA683B6219A85A0300CD2FEC /* categories */,
				0654E1FD19A85DFA00A5964F /* Interactions */,
				FAD9A36D19A8336E00B7C401 /* AppDelegate.h */,
				FAD9A36E19A8336E00B7C401 /* AppDelegate.m */,
				FA683B5919A834F600CD2FEC /* DNYPersistence.h */,
				FA683B5A19A834F600CD2FEC /* DNYPersistence.m */,
				FA683B5C19A8561F00CD2FEC /* DNYCreatureViewController.h */,
				FA683B5D19A8561F00CD2FEC /* DNYCreatureViewController.m */,
				FA683B5F19A8569600CD2FEC /* DNYCreatureModel.h */,
				FA683B6019A8569600CD2FEC /* DNYCreatureModel.m */,
			);
			path = Donny;
			sourceTree = "<group>";
		};
		0654E1D319A82BE200A5964F /* Supporting Files */ = {
			isa = PBXGroup;
			children = (
				FA683B9F19A8600100CD2FEC /* MediaToolbox.framework */,
				FA683BA019A8600100CD2FEC /* SpriteKit.framework */,
				FA683BA119A8600100CD2FEC /* UIKit.framework */,
				FA683B9D19A85FD200CD2FEC /* CoreMotion.framework */,
				FA683B9B19A85F3C00CD2FEC /* QuartzCore.framework */,
				FA683B8B19A85F3400CD2FEC /* Accelerate.framework */,
				FA683B8C19A85F3400CD2FEC /* AssetsLibrary.framework */,
				FA683B8D19A85F3400CD2FEC /* AVFoundation.framework */,
				FA683B8E19A85F3400CD2FEC /* AVKit.framework */,
				FA683B8F19A85F3400CD2FEC /* CoreData.framework */,
				FA683B9019A85F3400CD2FEC /* CoreGraphics.framework */,
				FA683B9119A85F3400CD2FEC /* CoreImage.framework */,
				FA683B9219A85F3400CD2FEC /* CoreLocation.framework */,
				0654E1D419A82BE200A5964F /* Info.plist */,
				0654E1D519A82BE200A5964F /* main.m */,
			);
			name = "Supporting Files";
			path = Donny;
			sourceTree = "<group>";
		};
		0654E1EC19A82BE200A5964F /* DonnyTests */ = {
			isa = PBXGroup;
			children = (
				0654E1EF19A82BE200A5964F /* DonnyTests.m */,
				0654E1ED19A82BE200A5964F /* Supporting Files */,
			);
			path = DonnyTests;
			sourceTree = "<group>";
		};
		0654E1ED19A82BE200A5964F /* Supporting Files */ = {
			isa = PBXGroup;
			children = (
				0654E1EE19A82BE200A5964F /* Info.plist */,
			);
			name = "Supporting Files";
			sourceTree = "<group>";
		};
		0654E1FD19A85DFA00A5964F /* Interactions */ = {
			isa = PBXGroup;
			children = (
				5AE708AE19A9D15D00FB6307 /* DNYMotionInteraction.h */,
				5AE708AD19A9D15D00FB6307 /* DNYMotionInteraction.m */,
				5AE708A119A9CDCB00FB6307 /* DNYProximitySensorInteraction.h */,
				5AE708A219A9CDCB00FB6307 /* DNYProximitySensorInteraction.m */,
				5AE708A319A9CDCB00FB6307 /* DNYVomitNode.h */,
				5AE708A419A9CDCB00FB6307 /* DNYVomitNode.m */,
				5AE7089E19A9CDB200FB6307 /* DNYPetInteraction.h */,
				5AE7089F19A9CDB200FB6307 /* DNYPetInteraction.m */,
				FA077A5019A974CA00C9CEC3 /* DNYFoodInteraction.h */,
				FA077A5119A974CA00C9CEC3 /* DNYFoodInteraction.m */,
				0654E1FE19A85E0700A5964F /* DNYInteraction.h */,
				0654E1FF19A85E0700A5964F /* DNYInteraction.m */,
				05569A2919A85E6D006BD00D /* DNYFaceInteraction.h */,
				05569A2A19A85E6D006BD00D /* DNYFaceInteraction.m */,
				5ADE03D519A9B64A00F8F426 /* DNYTickleInteraction.h */,
				5ADE03D619A9B64A00F8F426 /* DNYTickleInteraction.m */,
				5ADE03D819A9BBB300F8F426 /* DNYTickleGestureRecognizer.h */,
				5ADE03D919A9BBB300F8F426 /* DNYTickleGestureRecognizer.m */,
			);
			name = Interactions;
			sourceTree = "<group>";
		};
		5ADE03CF19A99A3A00F8F426 /* sounds */ = {
			isa = PBXGroup;
			children = (
				5A794ACA19AA69E900717D75 /* boo.aif */,
				5A794ACB19AA69E900717D75 /* getting_sick.aif */,
				5A794ACC19AA69E900717D75 /* hey_there.aif */,
				5A794ACD19AA69E900717D75 /* no.aif */,
				5A794ACE19AA69E900717D75 /* please_stop.aif */,
				5A794ACF19AA69E900717D75 /* tasty.aif */,
				5A794AD019AA69E900717D75 /* that_smell.aif */,
				5A794AD119AA69E900717D75 /* yay.aif */,
				0567920C19A9EA7B00F478EF /* fx-bad.wav */,
				0567920D19A9EA7B00F478EF /* fx-good.wav */,
				5ADE03DD19A9C42E00F8F426 /* 31867_HardPCM_Chip030.wav */,
				5ADE03DB19A9C23200F8F426 /* ecs_fx_12.wav */,
				5ADE03D019A99A3A00F8F426 /* beepoo.aif */,
			);
			name = sounds;
			path = res/sounds;
			sourceTree = "<group>";
		};
		FA00A3F819A9756B00E81740 /* state machine */ = {
			isa = PBXGroup;
			children = (
				FA00A3F919A9757C00E81740 /* LSEvent.h */,
				FA00A3FA19A9757C00E81740 /* LSEvent.m */,
				FA00A3FB19A9757C00E81740 /* LSStateMachine.h */,
				FA00A3FC19A9757C00E81740 /* LSStateMachine.m */,
				FA00A3FD19A9757C00E81740 /* LSStateMachineDynamicAdditions.h */,
				FA00A3FE19A9757C00E81740 /* LSStateMachineDynamicAdditions.m */,
				FA00A3FF19A9757C00E81740 /* LSStateMachineMacros.h */,
				FA00A40019A9757C00E81740 /* LSStateMachineTypedefs.h */,
				FA00A40119A9757C00E81740 /* LSTransition.h */,
				FA00A40219A9757C00E81740 /* LSTransition.m */,
				FA00A40319A9757C00E81740 /* NSString+Capitalize.h */,
				FA00A40419A9757C00E81740 /* NSString+Capitalize.m */,
				FA00A40519A9757C00E81740 /* StateMachine-Prefix.pch */,
				FA00A40619A9757C00E81740 /* StateMachine.h */,
			);
			name = "state machine";
			sourceTree = "<group>";
		};
		FA077A1419A94EDF00C9CEC3 /* graphics */ = {
			isa = PBXGroup;
			children = (
				FA077A1519A94EDF00C9CEC3 /* extras */,
				FA077A2019A94EDF00C9CEC3 /* eyes */,
				FA077A2519A94EDF00C9CEC3 /* mouth */,
				FA077A3119A94EDF00C9CEC3 /* nose */,
			);
			name = graphics;
			path = res/graphics;
			sourceTree = "<group>";
		};
		FA077A1519A94EDF00C9CEC3 /* extras */ = {
			isa = PBXGroup;
			children = (
				FA077A1619A94EDF00C9CEC3 /* eyebrow-negative@2x.png */,
				FA077A1719A94EDF00C9CEC3 /* eyebrow-positive@2x.png */,
				FA077A1819A94EDF00C9CEC3 /* eyebrow-sad@2x.png */,
				FA077A1919A94EDF00C9CEC3 /* rainbow-green@2x.png */,
				FA077A1A19A94EDF00C9CEC3 /* rainbow-orange@2x.png */,
				FA077A1B19A94EDF00C9CEC3 /* rainbow-purple@2x.png */,
				FA077A1C19A94EDF00C9CEC3 /* rainbow-red@2x.png */,
				FA077A1D19A94EDF00C9CEC3 /* rainbow-yellow@2x.png */,
				FA077A1E19A94EDF00C9CEC3 /* tear-big@2x.png */,
				FA077A1F19A94EDF00C9CEC3 /* tear-small@2x.png */,
			);
			path = extras;
			sourceTree = "<group>";
		};
		FA077A2019A94EDF00C9CEC3 /* eyes */ = {
			isa = PBXGroup;
			children = (
				FA077A2119A94EDF00C9CEC3 /* eye-sleep@2x.png */,
				FA077A2219A94EDF00C9CEC3 /* eye-small@2x.png */,
				FA077A2319A94EDF00C9CEC3 /* eye-standard@2x.png */,
				FA077A2419A94EDF00C9CEC3 /* eye-wink@2x.png */,
			);
			path = eyes;
			sourceTree = "<group>";
		};
		FA077A2519A94EDF00C9CEC3 /* mouth */ = {
			isa = PBXGroup;
			children = (
				FA077A2619A94EDF00C9CEC3 /* mouth-bad-reaction@2x.png */,
				FA077A2719A94EDF00C9CEC3 /* mouth-frown@2x.png */,
				FA077A2819A94EDF00C9CEC3 /* mouth-good-reaction@2x.png */,
				FA077A2919A94EDF00C9CEC3 /* mouth-happy@2x.png */,
				FA077A2A19A94EDF00C9CEC3 /* mouth-sick@2x.png */,
				FA077A2B19A94EDF00C9CEC3 /* mouth-sicker@2x.png */,
				FA077A2C19A94EDF00C9CEC3 /* mouth-sleep-01@2x.png */,
				FA077A2D19A94EDF00C9CEC3 /* mouth-sleep-02@2x.png */,
				FA077A2E19A94EDF00C9CEC3 /* mouth-smile@2x.png */,
				FA077A2F19A94EDF00C9CEC3 /* mouth-straight@2x.png */,
				FA077A3019A94EDF00C9CEC3 /* mouth-vomit@2x.png */,
			);
			path = mouth;
			sourceTree = "<group>";
		};
		FA077A3119A94EDF00C9CEC3 /* nose */ = {
			isa = PBXGroup;
			children = (
				FA077A3219A94EDF00C9CEC3 /* nose@2x.png */,
			);
			path = nose;
			sourceTree = "<group>";
		};
		FA683B6219A85A0300CD2FEC /* categories */ = {
			isa = PBXGroup;
			children = (
				FA683B6319A85A3500CD2FEC /* UIColor+RGB.h */,
				FA683B6419A85A3500CD2FEC /* UIColor+RGB.m */,
				FA077A4D19A9607F00C9CEC3 /* NSIndexPath+CGVector.h */,
				FA077A4E19A9607F00C9CEC3 /* NSIndexPath+CGVector.m */,
				064B65C019A992D800AE2180 /* NSIndexPath+CGPoint.h */,
				064B65C119A992D800AE2180 /* NSIndexPath+CGPoint.m */,
			);
			name = categories;
			sourceTree = "<group>";
		};
		FA683BA519A8608200CD2FEC /* sprite */ = {
			isa = PBXGroup;
			children = (
				FA683BA619A860D600CD2FEC /* DNYScene.h */,
				FA683BA719A860D600CD2FEC /* DNYScene.m */,
				0567920919A969DB00F478EF /* DNYSpriteNode.h */,
				0567920A19A969DB00F478EF /* DNYSpriteNode.m */,
				FA520D4F19A908F300197278 /* DNYCreatureNode.h */,
				FA520D5019A908F300197278 /* DNYCreatureNode.m */,
			);
			name = sprite;
			sourceTree = "<group>";
		};
		FAD9A37019A8337600B7C401 /* Resources */ = {
			isa = PBXGroup;
			children = (
				5ADE03CF19A99A3A00F8F426 /* sounds */,
				FA077A1419A94EDF00C9CEC3 /* graphics */,
				05569A3C19A882E4006BD00D /* Icon-60.png */,
				05569A3D19A882E4006BD00D /* Icon-60@2x.png */,
				05569A3E19A882E4006BD00D /* Icon-76.png */,
				05569A3F19A882E4006BD00D /* Icon-76@2x.png */,
				FAD9A37119A8339D00B7C401 /* Donny.xcdatamodeld */,
				FAD9A37319A8339D00B7C401 /* Images.xcassets */,
			);
			name = Resources;
			sourceTree = "<group>";
		};
/* End PBXGroup section */

/* Begin PBXNativeTarget section */
		0654E1CF19A82BE200A5964F /* Donny */ = {
			isa = PBXNativeTarget;
			buildConfigurationList = 0654E1F319A82BE200A5964F /* Build configuration list for PBXNativeTarget "Donny" */;
			buildPhases = (
				0654E1CC19A82BE200A5964F /* Sources */,
				0654E1CD19A82BE200A5964F /* Frameworks */,
				0654E1CE19A82BE200A5964F /* Resources */,
			);
			buildRules = (
			);
			dependencies = (
			);
			name = Donny;
			productName = Donny;
			productReference = 0654E1D019A82BE200A5964F /* Donny.app */;
			productType = "com.apple.product-type.application";
		};
		0654E1E819A82BE200A5964F /* DonnyTests */ = {
			isa = PBXNativeTarget;
			buildConfigurationList = 0654E1F619A82BE200A5964F /* Build configuration list for PBXNativeTarget "DonnyTests" */;
			buildPhases = (
				0654E1E519A82BE200A5964F /* Sources */,
				0654E1E619A82BE200A5964F /* Frameworks */,
				0654E1E719A82BE200A5964F /* Resources */,
			);
			buildRules = (
			);
			dependencies = (
				0654E1EB19A82BE200A5964F /* PBXTargetDependency */,
			);
			name = DonnyTests;
			productName = DonnyTests;
			productReference = 0654E1E919A82BE200A5964F /* DonnyTests.xctest */;
			productType = "com.apple.product-type.bundle.unit-test";
		};
/* End PBXNativeTarget section */

/* Begin PBXProject section */
		0654E1C819A82BE200A5964F /* Project object */ = {
			isa = PBXProject;
			attributes = {
				LastUpgradeCheck = 0600;
				ORGANIZATIONNAME = CrowdCompass;
				TargetAttributes = {
					0654E1CF19A82BE200A5964F = {
						CreatedOnToolsVersion = 6.0;
					};
					0654E1E819A82BE200A5964F = {
						CreatedOnToolsVersion = 6.0;
						TestTargetID = 0654E1CF19A82BE200A5964F;
					};
				};
			};
			buildConfigurationList = 0654E1CB19A82BE200A5964F /* Build configuration list for PBXProject "Donny" */;
			compatibilityVersion = "Xcode 3.2";
			developmentRegion = English;
			hasScannedForEncodings = 0;
			knownRegions = (
				en,
				Base,
			);
			mainGroup = 0654E1C719A82BE200A5964F;
			productRefGroup = 0654E1D119A82BE200A5964F /* Products */;
			projectDirPath = "";
			projectRoot = "";
			targets = (
				0654E1CF19A82BE200A5964F /* Donny */,
				0654E1E819A82BE200A5964F /* DonnyTests */,
			);
		};
/* End PBXProject section */

/* Begin PBXResourcesBuildPhase section */
		0654E1CE19A82BE200A5964F /* Resources */ = {
			isa = PBXResourcesBuildPhase;
			buildActionMask = 2147483647;
			files = (
				FA077A3419A94EDF00C9CEC3 /* eyebrow-positive@2x.png in Resources */,
				FA077A3C19A94EDF00C9CEC3 /* tear-small@2x.png in Resources */,
				5ADE03D119A99A3A00F8F426 /* beepoo.aif in Resources */,
				FA077A3A19A94EDF00C9CEC3 /* rainbow-yellow@2x.png in Resources */,
				FA077A4919A94EDF00C9CEC3 /* mouth-smile@2x.png in Resources */,
				FA077A3519A94EDF00C9CEC3 /* eyebrow-sad@2x.png in Resources */,
				FA077A3819A94EDF00C9CEC3 /* rainbow-purple@2x.png in Resources */,
				FAD9A37519A8339D00B7C401 /* Images.xcassets in Resources */,
				FA077A4419A94EDF00C9CEC3 /* mouth-happy@2x.png in Resources */,
				5A794AD219AA69E900717D75 /* boo.aif in Resources */,
				FA077A4719A94EDF00C9CEC3 /* mouth-sleep-01@2x.png in Resources */,
				5ADE03DE19A9C42E00F8F426 /* 31867_HardPCM_Chip030.wav in Resources */,
				FA077A3D19A94EDF00C9CEC3 /* eye-sleep@2x.png in Resources */,
				5A794AD419AA69E900717D75 /* hey_there.aif in Resources */,
				5A794AD719AA69E900717D75 /* tasty.aif in Resources */,
				05569A4119A882E4006BD00D /* Icon-60@2x.png in Resources */,
				FA077A3E19A94EDF00C9CEC3 /* eye-small@2x.png in Resources */,
				5A794AD319AA69E900717D75 /* getting_sick.aif in Resources */,
				FA077A4519A94EDF00C9CEC3 /* mouth-sick@2x.png in Resources */,
				FA077A4119A94EDF00C9CEC3 /* mouth-bad-reaction@2x.png in Resources */,
				FA077A3F19A94EDF00C9CEC3 /* eye-standard@2x.png in Resources */,
				FA077A4C19A94EDF00C9CEC3 /* nose@2x.png in Resources */,
				05569A4219A882E4006BD00D /* Icon-76.png in Resources */,
				FA077A3319A94EDF00C9CEC3 /* eyebrow-negative@2x.png in Resources */,
				5A794AD919AA69E900717D75 /* yay.aif in Resources */,
				FA077A4819A94EDF00C9CEC3 /* mouth-sleep-02@2x.png in Resources */,
				05569A4319A882E4006BD00D /* Icon-76@2x.png in Resources */,
				5A794AD519AA69E900717D75 /* no.aif in Resources */,
				FA077A4319A94EDF00C9CEC3 /* mouth-good-reaction@2x.png in Resources */,
				FA077A3B19A94EDF00C9CEC3 /* tear-big@2x.png in Resources */,
				5ADE03DC19A9C23200F8F426 /* ecs_fx_12.wav in Resources */,
				0567920E19A9EA7B00F478EF /* fx-bad.wav in Resources */,
				FA077A4A19A94EDF00C9CEC3 /* mouth-straight@2x.png in Resources */,
				FA077A3719A94EDF00C9CEC3 /* rainbow-orange@2x.png in Resources */,
				5A794AD819AA69E900717D75 /* that_smell.aif in Resources */,
				FA077A3919A94EDF00C9CEC3 /* rainbow-red@2x.png in Resources */,
				FA077A4B19A94EDF00C9CEC3 /* mouth-vomit@2x.png in Resources */,
				FA077A3619A94EDF00C9CEC3 /* rainbow-green@2x.png in Resources */,
				0567920F19A9EA7B00F478EF /* fx-good.wav in Resources */,
				FA077A4219A94EDF00C9CEC3 /* mouth-frown@2x.png in Resources */,
				FA077A4019A94EDF00C9CEC3 /* eye-wink@2x.png in Resources */,
				5A794AD619AA69E900717D75 /* please_stop.aif in Resources */,
				05569A4019A882E4006BD00D /* Icon-60.png in Resources */,
				FA077A4619A94EDF00C9CEC3 /* mouth-sicker@2x.png in Resources */,
			);
			runOnlyForDeploymentPostprocessing = 0;
		};
		0654E1E719A82BE200A5964F /* Resources */ = {
			isa = PBXResourcesBuildPhase;
			buildActionMask = 2147483647;
			files = (
			);
			runOnlyForDeploymentPostprocessing = 0;
		};
/* End PBXResourcesBuildPhase section */

/* Begin PBXSourcesBuildPhase section */
		0654E1CC19A82BE200A5964F /* Sources */ = {
			isa = PBXSourcesBuildPhase;
			buildActionMask = 2147483647;
			files = (
				5ADE03DA19A9BBB300F8F426 /* DNYTickleGestureRecognizer.m in Sources */,
				FA00A40819A9757C00E81740 /* LSStateMachine.m in Sources */,
				FA00A40719A9757C00E81740 /* LSEvent.m in Sources */,
				05569A2B19A85E6D006BD00D /* DNYFaceInteraction.m in Sources */,
				FA520D5119A908F300197278 /* DNYCreatureNode.m in Sources */,
				064B65C219A992D800AE2180 /* NSIndexPath+CGPoint.m in Sources */,
				FAD9A36F19A8336E00B7C401 /* AppDelegate.m in Sources */,
				FA00A40B19A9757C00E81740 /* NSString+Capitalize.m in Sources */,
				0654E1D619A82BE200A5964F /* main.m in Sources */,
				FA683B6119A8569600CD2FEC /* DNYCreatureModel.m in Sources */,
				5AE708A019A9CDB200FB6307 /* DNYPetInteraction.m in Sources */,
				FA683B6519A85A3500CD2FEC /* UIColor+RGB.m in Sources */,
				5AE708A719A9CDCB00FB6307 /* DNYProximitySensorInteraction.m in Sources */,
				0567920B19A969DB00F478EF /* DNYSpriteNode.m in Sources */,
				FAD9A37419A8339D00B7C401 /* Donny.xcdatamodeld in Sources */,
				FA683B5E19A8561F00CD2FEC /* DNYCreatureViewController.m in Sources */,
				FA683BA819A860D600CD2FEC /* DNYScene.m in Sources */,
				0654E20019A85E0700A5964F /* DNYInteraction.m in Sources */,
				5ADE03D719A9B64A00F8F426 /* DNYTickleInteraction.m in Sources */,
				FA683B5B19A834F600CD2FEC /* DNYPersistence.m in Sources */,
				FA077A5219A974CA00C9CEC3 /* DNYFoodInteraction.m in Sources */,
				FA00A40A19A9757C00E81740 /* LSTransition.m in Sources */,
				5AE708AF19A9D15D00FB6307 /* DNYMotionInteraction.m in Sources */,
				FA077A4F19A9607F00C9CEC3 /* NSIndexPath+CGVector.m in Sources */,
				FA00A40919A9757C00E81740 /* LSStateMachineDynamicAdditions.m in Sources */,
				5AE708A819A9CDCB00FB6307 /* DNYVomitNode.m in Sources */,
			);
			runOnlyForDeploymentPostprocessing = 0;
		};
		0654E1E519A82BE200A5964F /* Sources */ = {
			isa = PBXSourcesBuildPhase;
			buildActionMask = 2147483647;
			files = (
				0654E1F019A82BE200A5964F /* DonnyTests.m in Sources */,
			);
			runOnlyForDeploymentPostprocessing = 0;
		};
/* End PBXSourcesBuildPhase section */

/* Begin PBXTargetDependency section */
		0654E1EB19A82BE200A5964F /* PBXTargetDependency */ = {
			isa = PBXTargetDependency;
			target = 0654E1CF19A82BE200A5964F /* Donny */;
			targetProxy = 0654E1EA19A82BE200A5964F /* PBXContainerItemProxy */;
		};
/* End PBXTargetDependency section */

/* Begin XCBuildConfiguration section */
		0654E1F119A82BE200A5964F /* Debug */ = {
			isa = XCBuildConfiguration;
			buildSettings = {
				ALWAYS_SEARCH_USER_PATHS = NO;
				CLANG_CXX_LANGUAGE_STANDARD = "gnu++0x";
				CLANG_CXX_LIBRARY = "libc++";
				CLANG_ENABLE_MODULES = YES;
				CLANG_ENABLE_OBJC_ARC = YES;
				CLANG_WARN_BOOL_CONVERSION = YES;
				CLANG_WARN_CONSTANT_CONVERSION = YES;
				CLANG_WARN_DIRECT_OBJC_ISA_USAGE = YES_ERROR;
				CLANG_WARN_EMPTY_BODY = YES;
				CLANG_WARN_ENUM_CONVERSION = YES;
				CLANG_WARN_INT_CONVERSION = YES;
				CLANG_WARN_OBJC_ROOT_CLASS = YES_ERROR;
				CLANG_WARN_UNREACHABLE_CODE = YES;
				CLANG_WARN__DUPLICATE_METHOD_MATCH = YES;
				"CODE_SIGN_IDENTITY[sdk=iphoneos*]" = "iPhone Developer";
				COPY_PHASE_STRIP = NO;
				ENABLE_STRICT_OBJC_MSGSEND = YES;
				GCC_C_LANGUAGE_STANDARD = gnu99;
				GCC_DYNAMIC_NO_PIC = NO;
				GCC_OPTIMIZATION_LEVEL = 0;
				GCC_PREPROCESSOR_DEFINITIONS = (
					"DEBUG=1",
					"$(inherited)",
				);
				GCC_SYMBOLS_PRIVATE_EXTERN = NO;
				GCC_WARN_64_TO_32_BIT_CONVERSION = YES;
				GCC_WARN_ABOUT_RETURN_TYPE = YES_ERROR;
				GCC_WARN_UNDECLARED_SELECTOR = YES;
				GCC_WARN_UNINITIALIZED_AUTOS = YES_AGGRESSIVE;
				GCC_WARN_UNUSED_FUNCTION = YES;
				GCC_WARN_UNUSED_VARIABLE = YES;
				IPHONEOS_DEPLOYMENT_TARGET = 8.0;
				MTL_ENABLE_DEBUG_INFO = YES;
				ONLY_ACTIVE_ARCH = YES;
				SDKROOT = iphoneos;
				TARGETED_DEVICE_FAMILY = "1,2";
			};
			name = Debug;
		};
		0654E1F219A82BE200A5964F /* Release */ = {
			isa = XCBuildConfiguration;
			buildSettings = {
				ALWAYS_SEARCH_USER_PATHS = NO;
				CLANG_CXX_LANGUAGE_STANDARD = "gnu++0x";
				CLANG_CXX_LIBRARY = "libc++";
				CLANG_ENABLE_MODULES = YES;
				CLANG_ENABLE_OBJC_ARC = YES;
				CLANG_WARN_BOOL_CONVERSION = YES;
				CLANG_WARN_CONSTANT_CONVERSION = YES;
				CLANG_WARN_DIRECT_OBJC_ISA_USAGE = YES_ERROR;
				CLANG_WARN_EMPTY_BODY = YES;
				CLANG_WARN_ENUM_CONVERSION = YES;
				CLANG_WARN_INT_CONVERSION = YES;
				CLANG_WARN_OBJC_ROOT_CLASS = YES_ERROR;
				CLANG_WARN_UNREACHABLE_CODE = YES;
				CLANG_WARN__DUPLICATE_METHOD_MATCH = YES;
				"CODE_SIGN_IDENTITY[sdk=iphoneos*]" = "iPhone Developer";
				COPY_PHASE_STRIP = YES;
				ENABLE_NS_ASSERTIONS = NO;
				ENABLE_STRICT_OBJC_MSGSEND = YES;
				GCC_C_LANGUAGE_STANDARD = gnu99;
				GCC_WARN_64_TO_32_BIT_CONVERSION = YES;
				GCC_WARN_ABOUT_RETURN_TYPE = YES_ERROR;
				GCC_WARN_UNDECLARED_SELECTOR = YES;
				GCC_WARN_UNINITIALIZED_AUTOS = YES_AGGRESSIVE;
				GCC_WARN_UNUSED_FUNCTION = YES;
				GCC_WARN_UNUSED_VARIABLE = YES;
				IPHONEOS_DEPLOYMENT_TARGET = 8.0;
				MTL_ENABLE_DEBUG_INFO = NO;
				SDKROOT = iphoneos;
				TARGETED_DEVICE_FAMILY = "1,2";
				VALIDATE_PRODUCT = YES;
			};
			name = Release;
		};
		0654E1F419A82BE200A5964F /* Debug */ = {
			isa = XCBuildConfiguration;
			buildSettings = {
				ASSETCATALOG_COMPILER_APPICON_NAME = AppIcon;
				ASSETCATALOG_COMPILER_LAUNCHIMAGE_NAME = LaunchImage;
				INFOPLIST_FILE = Donny/Info.plist;
				LD_RUNPATH_SEARCH_PATHS = "$(inherited) @executable_path/Frameworks";
				OTHER_LDFLAGS = "-ObjC";
				PRODUCT_NAME = "$(TARGET_NAME)";
			};
			name = Debug;
		};
		0654E1F519A82BE200A5964F /* Release */ = {
			isa = XCBuildConfiguration;
			buildSettings = {
				ASSETCATALOG_COMPILER_APPICON_NAME = AppIcon;
				ASSETCATALOG_COMPILER_LAUNCHIMAGE_NAME = LaunchImage;
				INFOPLIST_FILE = Donny/Info.plist;
				LD_RUNPATH_SEARCH_PATHS = "$(inherited) @executable_path/Frameworks";
				OTHER_LDFLAGS = "-ObjC";
				PRODUCT_NAME = "$(TARGET_NAME)";
			};
			name = Release;
		};
		0654E1F719A82BE200A5964F /* Debug */ = {
			isa = XCBuildConfiguration;
			buildSettings = {
				BUNDLE_LOADER = "$(TEST_HOST)";
				FRAMEWORK_SEARCH_PATHS = (
					"$(SDKROOT)/Developer/Library/Frameworks",
					"$(inherited)",
				);
				GCC_PREPROCESSOR_DEFINITIONS = (
					"DEBUG=1",
					"$(inherited)",
				);
				INFOPLIST_FILE = DonnyTests/Info.plist;
				LD_RUNPATH_SEARCH_PATHS = "$(inherited) @executable_path/Frameworks @loader_path/Frameworks";
				PRODUCT_NAME = "$(TARGET_NAME)";
				TEST_HOST = "$(BUILT_PRODUCTS_DIR)/Donny.app/Donny";
			};
			name = Debug;
		};
		0654E1F819A82BE200A5964F /* Release */ = {
			isa = XCBuildConfiguration;
			buildSettings = {
				BUNDLE_LOADER = "$(TEST_HOST)";
				FRAMEWORK_SEARCH_PATHS = (
					"$(SDKROOT)/Developer/Library/Frameworks",
					"$(inherited)",
				);
				INFOPLIST_FILE = DonnyTests/Info.plist;
				LD_RUNPATH_SEARCH_PATHS = "$(inherited) @executable_path/Frameworks @loader_path/Frameworks";
				PRODUCT_NAME = "$(TARGET_NAME)";
				TEST_HOST = "$(BUILT_PRODUCTS_DIR)/Donny.app/Donny";
			};
			name = Release;
		};
/* End XCBuildConfiguration section */

/* Begin XCConfigurationList section */
		0654E1CB19A82BE200A5964F /* Build configuration list for PBXProject "Donny" */ = {
			isa = XCConfigurationList;
			buildConfigurations = (
				0654E1F119A82BE200A5964F /* Debug */,
				0654E1F219A82BE200A5964F /* Release */,
			);
			defaultConfigurationIsVisible = 0;
			defaultConfigurationName = Release;
		};
		0654E1F319A82BE200A5964F /* Build configuration list for PBXNativeTarget "Donny" */ = {
			isa = XCConfigurationList;
			buildConfigurations = (
				0654E1F419A82BE200A5964F /* Debug */,
				0654E1F519A82BE200A5964F /* Release */,
			);
			defaultConfigurationIsVisible = 0;
			defaultConfigurationName = Release;
		};
		0654E1F619A82BE200A5964F /* Build configuration list for PBXNativeTarget "DonnyTests" */ = {
			isa = XCConfigurationList;
			buildConfigurations = (
				0654E1F719A82BE200A5964F /* Debug */,
				0654E1F819A82BE200A5964F /* Release */,
			);
			defaultConfigurationIsVisible = 0;
			defaultConfigurationName = Release;
		};
/* End XCConfigurationList section */

/* Begin XCVersionGroup section */
		FAD9A37119A8339D00B7C401 /* Donny.xcdatamodeld */ = {
			isa = XCVersionGroup;
			children = (
				FAD9A37219A8339D00B7C401 /* Donny.xcdatamodel */,
			);
			currentVersion = FAD9A37219A8339D00B7C401 /* Donny.xcdatamodel */;
			name = Donny.xcdatamodeld;
			path = res/Donny.xcdatamodeld;
			sourceTree = "<group>";
			versionGroupType = wrapper.xcdatamodel;
		};
/* End XCVersionGroup section */
	};
	rootObject = 0654E1C819A82BE200A5964F /* Project object */;
}
